
Microsoft Visual Studio Solution File, Format Version 12.00
# Visual Studio Version 17
VisualStudioVersion = 17.7.34018.315
MinimumVisualStudioVersion = 10.0.40219.1
Project("{FAE04EC0-301F-11D3-BF4B-00C04F79EFBC}") = "EmployeesCh12", "EmployeesCh12.csproj", "{69582FEB-32C4-4DE0-9CF5-8AB3BE154753}"
EndProject
Global
	GlobalSection(SolutionConfigurationPlatforms) = preSolution
		Debug|Any CPU = Debug|Any CPU
		Release|Any CPU = Release|Any CPU
	EndGlobalSection
	GlobalSection(ProjectConfigurationPlatforms) = postSolution
		{69582FEB-32C4-4DE0-9CF5-8AB3BE154753}.Debug|Any CPU.ActiveCfg = Debug|Any CPU
		{69582FEB-32C4-4DE0-9CF5-8AB3BE154753}.Debug|Any CPU.Build.0 = Debug|Any CPU
		{69582FEB-32C4-4DE0-9CF5-8AB3BE154753}.Release|Any CPU.ActiveCfg = Release|Any CPU
		{69582FEB-32C4-4DE0-9CF5-8AB3BE154753}.Release|Any CPU.Build.0 = Release|Any CPU
	EndGlobalSection
	GlobalSection(SolutionProperties) = preSolution
		HideSolutionNode = FALSE
	EndGlobalSection
	GlobalSection(ExtensibilityGlobals) = postSolution
		SolutionGuid = {26421801-7B94-4405-B068-7BF89903F10B}
	EndGlobalSection
EndGlobal
